// !$*UTF8*$!
{
	archiveVersion = 1;
	classes = {
	};
	objectVersion = 50;
	objects = {

/* Begin PBXBuildFile section */
		7500E7EB21CD4B6600177251 /* AuthorListVC.swift in Sources */ = {isa = PBXBuildFile; fileRef = 7500E7EA21CD4B6600177251 /* AuthorListVC.swift */; };
		7500E7ED21CD735A00177251 /* FirstCustomCell.swift in Sources */ = {isa = PBXBuildFile; fileRef = 7500E7EC21CD735A00177251 /* FirstCustomCell.swift */; };
		7500E7EF21CD754D00177251 /* AuthorVC.swift in Sources */ = {isa = PBXBuildFile; fileRef = 7500E7EE21CD754D00177251 /* AuthorVC.swift */; };
		7500E7F121CE842A00177251 /* BookVC.swift in Sources */ = {isa = PBXBuildFile; fileRef = 7500E7F021CE842A00177251 /* BookVC.swift */; };
		750454DC21CBDD4800ABD71E /* AppDelegate.swift in Sources */ = {isa = PBXBuildFile; fileRef = 750454DB21CBDD4800ABD71E /* AppDelegate.swift */; };
		750454DE21CBDD4800ABD71E /* ViewController.swift in Sources */ = {isa = PBXBuildFile; fileRef = 750454DD21CBDD4800ABD71E /* ViewController.swift */; };
		750454E121CBDD4800ABD71E /* Main.storyboard in Resources */ = {isa = PBXBuildFile; fileRef = 750454DF21CBDD4800ABD71E /* Main.storyboard */; };
		750454E321CBDD4B00ABD71E /* Assets.xcassets in Resources */ = {isa = PBXBuildFile; fileRef = 750454E221CBDD4B00ABD71E /* Assets.xcassets */; };
		750454E621CBDD4B00ABD71E /* LaunchScreen.storyboard in Resources */ = {isa = PBXBuildFile; fileRef = 750454E421CBDD4B00ABD71E /* LaunchScreen.storyboard */; };
		750454F121CBDD4C00ABD71E /* ProiectBDTests.swift in Sources */ = {isa = PBXBuildFile; fileRef = 750454F021CBDD4C00ABD71E /* ProiectBDTests.swift */; };
		750454FC21CBDD4C00ABD71E /* ProiectBDUITests.swift in Sources */ = {isa = PBXBuildFile; fileRef = 750454FB21CBDD4C00ABD71E /* ProiectBDUITests.swift */; };
		7504550C21CBEAEF00ABD71E /* LoginVC.swift in Sources */ = {isa = PBXBuildFile; fileRef = 7504550B21CBEAEF00ABD71E /* LoginVC.swift */; };
		7504550E21CBEB1A00ABD71E /* RegisterVC.swift in Sources */ = {isa = PBXBuildFile; fileRef = 7504550D21CBEB1A00ABD71E /* RegisterVC.swift */; };
		7504551021CBFA0D00ABD71E /* MainMenuVC.swift in Sources */ = {isa = PBXBuildFile; fileRef = 7504550F21CBFA0D00ABD71E /* MainMenuVC.swift */; };
		7509278721CC2AFF005028B8 /* 5abc881cb2505.png in Resources */ = {isa = PBXBuildFile; fileRef = 7509278621CC2AFF005028B8 /* 5abc881cb2505.png */; };
		7509278921CC332C005028B8 /* user_selection_background@2x.jpg in Resources */ = {isa = PBXBuildFile; fileRef = 7509278821CC332B005028B8 /* user_selection_background@2x.jpg */; };
		7509278B21CD234E005028B8 /* UIViewGradient.swift in Sources */ = {isa = PBXBuildFile; fileRef = 7509278A21CD234E005028B8 /* UIViewGradient.swift */; };
		7509278D21CD2438005028B8 /* Constants.swift in Sources */ = {isa = PBXBuildFile; fileRef = 7509278C21CD2438005028B8 /* Constants.swift */; };
		7509278F21CD2ABE005028B8 /* ColorExtension.swift in Sources */ = {isa = PBXBuildFile; fileRef = 7509278E21CD2ABE005028B8 /* ColorExtension.swift */; };
		7510B83021CFCC2400702EE1 /* FirstCustomCell.xib in Resources */ = {isa = PBXBuildFile; fileRef = 7510B82F21CFCC2400702EE1 /* FirstCustomCell.xib */; };
		757FA92121CFEAB6000D17F8 /* CALayerShadowExtension.swift in Sources */ = {isa = PBXBuildFile; fileRef = 757FA92021CFEAB6000D17F8 /* CALayerShadowExtension.swift */; };
/* End PBXBuildFile section */

/* Begin PBXContainerItemProxy section */
		750454ED21CBDD4C00ABD71E /* PBXContainerItemProxy */ = {
			isa = PBXContainerItemProxy;
			containerPortal = 750454D021CBDD4800ABD71E /* Project object */;
			proxyType = 1;
			remoteGlobalIDString = 750454D721CBDD4800ABD71E;
			remoteInfo = ProiectBD;
		};
		750454F821CBDD4C00ABD71E /* PBXContainerItemProxy */ = {
			isa = PBXContainerItemProxy;
			containerPortal = 750454D021CBDD4800ABD71E /* Project object */;
			proxyType = 1;
			remoteGlobalIDString = 750454D721CBDD4800ABD71E;
			remoteInfo = ProiectBD;
		};
/* End PBXContainerItemProxy section */

/* Begin PBXFileReference section */
		7500E7EA21CD4B6600177251 /* AuthorListVC.swift */ = {isa = PBXFileReference; lastKnownFileType = sourcecode.swift; path = AuthorListVC.swift; sourceTree = "<group>"; };
		7500E7EC21CD735A00177251 /* FirstCustomCell.swift */ = {isa = PBXFileReference; lastKnownFileType = sourcecode.swift; path = FirstCustomCell.swift; sourceTree = "<group>"; };
		7500E7EE21CD754D00177251 /* AuthorVC.swift */ = {isa = PBXFileReference; lastKnownFileType = sourcecode.swift; path = AuthorVC.swift; sourceTree = "<group>"; };
		7500E7F021CE842A00177251 /* BookVC.swift */ = {isa = PBXFileReference; lastKnownFileType = sourcecode.swift; path = BookVC.swift; sourceTree = "<group>"; };
		750454D821CBDD4800ABD71E /* ProiectBD.app */ = {isa = PBXFileReference; explicitFileType = wrapper.application; includeInIndex = 0; path = ProiectBD.app; sourceTree = BUILT_PRODUCTS_DIR; };
		750454DB21CBDD4800ABD71E /* AppDelegate.swift */ = {isa = PBXFileReference; lastKnownFileType = sourcecode.swift; path = AppDelegate.swift; sourceTree = "<group>"; };
		750454DD21CBDD4800ABD71E /* ViewController.swift */ = {isa = PBXFileReference; lastKnownFileType = sourcecode.swift; path = ViewController.swift; sourceTree = "<group>"; };
		750454E021CBDD4800ABD71E /* Base */ = {isa = PBXFileReference; lastKnownFileType = file.storyboard; name = Base; path = Base.lproj/Main.storyboard; sourceTree = "<group>"; };
		750454E221CBDD4B00ABD71E /* Assets.xcassets */ = {isa = PBXFileReference; lastKnownFileType = folder.assetcatalog; path = Assets.xcassets; sourceTree = "<group>"; };
		750454E521CBDD4B00ABD71E /* Base */ = {isa = PBXFileReference; lastKnownFileType = file.storyboard; name = Base; path = Base.lproj/LaunchScreen.storyboard; sourceTree = "<group>"; };
		750454E721CBDD4B00ABD71E /* Info.plist */ = {isa = PBXFileReference; lastKnownFileType = text.plist.xml; path = Info.plist; sourceTree = "<group>"; };
		750454EC21CBDD4C00ABD71E /* ProiectBDTests.xctest */ = {isa = PBXFileReference; explicitFileType = wrapper.cfbundle; includeInIndex = 0; path = ProiectBDTests.xctest; sourceTree = BUILT_PRODUCTS_DIR; };
		750454F021CBDD4C00ABD71E /* ProiectBDTests.swift */ = {isa = PBXFileReference; lastKnownFileType = sourcecode.swift; path = ProiectBDTests.swift; sourceTree = "<group>"; };
		750454F221CBDD4C00ABD71E /* Info.plist */ = {isa = PBXFileReference; lastKnownFileType = text.plist.xml; path = Info.plist; sourceTree = "<group>"; };
		750454F721CBDD4C00ABD71E /* ProiectBDUITests.xctest */ = {isa = PBXFileReference; explicitFileType = wrapper.cfbundle; includeInIndex = 0; path = ProiectBDUITests.xctest; sourceTree = BUILT_PRODUCTS_DIR; };
		750454FB21CBDD4C00ABD71E /* ProiectBDUITests.swift */ = {isa = PBXFileReference; lastKnownFileType = sourcecode.swift; path = ProiectBDUITests.swift; sourceTree = "<group>"; };
		750454FD21CBDD4C00ABD71E /* Info.plist */ = {isa = PBXFileReference; lastKnownFileType = text.plist.xml; path = Info.plist; sourceTree = "<group>"; };
		7504550B21CBEAEF00ABD71E /* LoginVC.swift */ = {isa = PBXFileReference; lastKnownFileType = sourcecode.swift; path = LoginVC.swift; sourceTree = "<group>"; };
		7504550D21CBEB1A00ABD71E /* RegisterVC.swift */ = {isa = PBXFileReference; lastKnownFileType = sourcecode.swift; path = RegisterVC.swift; sourceTree = "<group>"; };
		7504550F21CBFA0D00ABD71E /* MainMenuVC.swift */ = {isa = PBXFileReference; lastKnownFileType = sourcecode.swift; path = MainMenuVC.swift; sourceTree = "<group>"; };
		7509278621CC2AFF005028B8 /* 5abc881cb2505.png */ = {isa = PBXFileReference; lastKnownFileType = image.png; path = 5abc881cb2505.png; sourceTree = "<group>"; };
		7509278821CC332B005028B8 /* user_selection_background@2x.jpg */ = {isa = PBXFileReference; lastKnownFileType = image.jpeg; path = "user_selection_background@2x.jpg"; sourceTree = "<group>"; };
		7509278A21CD234E005028B8 /* UIViewGradient.swift */ = {isa = PBXFileReference; lastKnownFileType = sourcecode.swift; path = UIViewGradient.swift; sourceTree = "<group>"; };
		7509278C21CD2438005028B8 /* Constants.swift */ = {isa = PBXFileReference; lastKnownFileType = sourcecode.swift; path = Constants.swift; sourceTree = "<group>"; };
		7509278E21CD2ABE005028B8 /* ColorExtension.swift */ = {isa = PBXFileReference; lastKnownFileType = sourcecode.swift; path = ColorExtension.swift; sourceTree = "<group>"; };
		7510B82F21CFCC2400702EE1 /* FirstCustomCell.xib */ = {isa = PBXFileReference; lastKnownFileType = file.xib; path = FirstCustomCell.xib; sourceTree = "<group>"; };
		757FA92021CFEAB6000D17F8 /* CALayerShadowExtension.swift */ = {isa = PBXFileReference; lastKnownFileType = sourcecode.swift; path = CALayerShadowExtension.swift; sourceTree = "<group>"; };
/* End PBXFileReference section */

/* Begin PBXFrameworksBuildPhase section */
		750454D521CBDD4800ABD71E /* Frameworks */ = {
			isa = PBXFrameworksBuildPhase;
			buildActionMask = 2147483647;
			files = (
			);
			runOnlyForDeploymentPostprocessing = 0;
		};
		750454E921CBDD4C00ABD71E /* Frameworks */ = {
			isa = PBXFrameworksBuildPhase;
			buildActionMask = 2147483647;
			files = (
			);
			runOnlyForDeploymentPostprocessing = 0;
		};
		750454F421CBDD4C00ABD71E /* Frameworks */ = {
			isa = PBXFrameworksBuildPhase;
			buildActionMask = 2147483647;
			files = (
			);
			runOnlyForDeploymentPostprocessing = 0;
		};
/* End PBXFrameworksBuildPhase section */

/* Begin PBXGroup section */
		750454CF21CBDD4800ABD71E = {
			isa = PBXGroup;
			children = (
				7500E7EC21CD735A00177251 /* FirstCustomCell.swift */,
				750454DA21CBDD4800ABD71E /* ProiectBD */,
				750454EF21CBDD4C00ABD71E /* ProiectBDTests */,
				750454FA21CBDD4C00ABD71E /* ProiectBDUITests */,
				750454D921CBDD4800ABD71E /* Products */,
			);
			sourceTree = "<group>";
		};
		750454D921CBDD4800ABD71E /* Products */ = {
			isa = PBXGroup;
			children = (
				750454D821CBDD4800ABD71E /* ProiectBD.app */,
				750454EC21CBDD4C00ABD71E /* ProiectBDTests.xctest */,
				750454F721CBDD4C00ABD71E /* ProiectBDUITests.xctest */,
			);
			name = Products;
			sourceTree = "<group>";
		};
		750454DA21CBDD4800ABD71E /* ProiectBD */ = {
			isa = PBXGroup;
			children = (
				750454DB21CBDD4800ABD71E /* AppDelegate.swift */,
				750454DD21CBDD4800ABD71E /* ViewController.swift */,
				750454DF21CBDD4800ABD71E /* Main.storyboard */,
				750454E221CBDD4B00ABD71E /* Assets.xcassets */,
				750454E421CBDD4B00ABD71E /* LaunchScreen.storyboard */,
				7509278621CC2AFF005028B8 /* 5abc881cb2505.png */,
				7509278821CC332B005028B8 /* user_selection_background@2x.jpg */,
				750454E721CBDD4B00ABD71E /* Info.plist */,
				7504550B21CBEAEF00ABD71E /* LoginVC.swift */,
				7504550D21CBEB1A00ABD71E /* RegisterVC.swift */,
				7504550F21CBFA0D00ABD71E /* MainMenuVC.swift */,
				7509278A21CD234E005028B8 /* UIViewGradient.swift */,
				7509278C21CD2438005028B8 /* Constants.swift */,
				7509278E21CD2ABE005028B8 /* ColorExtension.swift */,
				7500E7EA21CD4B6600177251 /* AuthorListVC.swift */,
				7500E7EE21CD754D00177251 /* AuthorVC.swift */,
				7500E7F021CE842A00177251 /* BookVC.swift */,
				7510B82F21CFCC2400702EE1 /* FirstCustomCell.xib */,
				757FA92021CFEAB6000D17F8 /* CALayerShadowExtension.swift */,
			);
			path = ProiectBD;
			sourceTree = "<group>";
		};
		750454EF21CBDD4C00ABD71E /* ProiectBDTests */ = {
			isa = PBXGroup;
			children = (
				750454F021CBDD4C00ABD71E /* ProiectBDTests.swift */,
				750454F221CBDD4C00ABD71E /* Info.plist */,
			);
			path = ProiectBDTests;
			sourceTree = "<group>";
		};
		750454FA21CBDD4C00ABD71E /* ProiectBDUITests */ = {
			isa = PBXGroup;
			children = (
				750454FB21CBDD4C00ABD71E /* ProiectBDUITests.swift */,
				750454FD21CBDD4C00ABD71E /* Info.plist */,
			);
			path = ProiectBDUITests;
			sourceTree = "<group>";
		};
/* End PBXGroup section */

/* Begin PBXNativeTarget section */
		750454D721CBDD4800ABD71E /* ProiectBD */ = {
			isa = PBXNativeTarget;
			buildConfigurationList = 7504550021CBDD4C00ABD71E /* Build configuration list for PBXNativeTarget "ProiectBD" */;
			buildPhases = (
				750454D421CBDD4800ABD71E /* Sources */,
				750454D521CBDD4800ABD71E /* Frameworks */,
				750454D621CBDD4800ABD71E /* Resources */,
			);
			buildRules = (
			);
			dependencies = (
			);
			name = ProiectBD;
			productName = ProiectBD;
			productReference = 750454D821CBDD4800ABD71E /* ProiectBD.app */;
			productType = "com.apple.product-type.application";
		};
		750454EB21CBDD4C00ABD71E /* ProiectBDTests */ = {
			isa = PBXNativeTarget;
			buildConfigurationList = 7504550321CBDD4C00ABD71E /* Build configuration list for PBXNativeTarget "ProiectBDTests" */;
			buildPhases = (
				750454E821CBDD4C00ABD71E /* Sources */,
				750454E921CBDD4C00ABD71E /* Frameworks */,
				750454EA21CBDD4C00ABD71E /* Resources */,
			);
			buildRules = (
			);
			dependencies = (
				750454EE21CBDD4C00ABD71E /* PBXTargetDependency */,
			);
			name = ProiectBDTests;
			productName = ProiectBDTests;
			productReference = 750454EC21CBDD4C00ABD71E /* ProiectBDTests.xctest */;
			productType = "com.apple.product-type.bundle.unit-test";
		};
		750454F621CBDD4C00ABD71E /* ProiectBDUITests */ = {
			isa = PBXNativeTarget;
			buildConfigurationList = 7504550621CBDD4C00ABD71E /* Build configuration list for PBXNativeTarget "ProiectBDUITests" */;
			buildPhases = (
				750454F321CBDD4C00ABD71E /* Sources */,
				750454F421CBDD4C00ABD71E /* Frameworks */,
				750454F521CBDD4C00ABD71E /* Resources */,
			);
			buildRules = (
			);
			dependencies = (
				750454F921CBDD4C00ABD71E /* PBXTargetDependency */,
			);
			name = ProiectBDUITests;
			productName = ProiectBDUITests;
			productReference = 750454F721CBDD4C00ABD71E /* ProiectBDUITests.xctest */;
			productType = "com.apple.product-type.bundle.ui-testing";
		};
/* End PBXNativeTarget section */

/* Begin PBXProject section */
		750454D021CBDD4800ABD71E /* Project object */ = {
			isa = PBXProject;
			attributes = {
				LastSwiftUpdateCheck = 1010;
				LastUpgradeCheck = 1010;
				ORGANIZATIONNAME = "Andrei Popa";
				TargetAttributes = {
					750454D721CBDD4800ABD71E = {
						CreatedOnToolsVersion = 10.1;
					};
					750454EB21CBDD4C00ABD71E = {
						CreatedOnToolsVersion = 10.1;
						TestTargetID = 750454D721CBDD4800ABD71E;
					};
					750454F621CBDD4C00ABD71E = {
						CreatedOnToolsVersion = 10.1;
						TestTargetID = 750454D721CBDD4800ABD71E;
					};
				};
			};
			buildConfigurationList = 750454D321CBDD4800ABD71E /* Build configuration list for PBXProject "ProiectBD" */;
			compatibilityVersion = "Xcode 9.3";
			developmentRegion = en;
			hasScannedForEncodings = 0;
			knownRegions = (
				en,
				Base,
			);
			mainGroup = 750454CF21CBDD4800ABD71E;
			productRefGroup = 750454D921CBDD4800ABD71E /* Products */;
			projectDirPath = "";
			projectRoot = "";
			targets = (
				750454D721CBDD4800ABD71E /* ProiectBD */,
				750454EB21CBDD4C00ABD71E /* ProiectBDTests */,
				750454F621CBDD4C00ABD71E /* ProiectBDUITests */,
			);
		};
/* End PBXProject section */

/* Begin PBXResourcesBuildPhase section */
		750454D621CBDD4800ABD71E /* Resources */ = {
			isa = PBXResourcesBuildPhase;
			buildActionMask = 2147483647;
			files = (
				750454E621CBDD4B00ABD71E /* LaunchScreen.storyboard in Resources */,
				7510B83021CFCC2400702EE1 /* FirstCustomCell.xib in Resources */,
				750454E321CBDD4B00ABD71E /* Assets.xcassets in Resources */,
				7509278721CC2AFF005028B8 /* 5abc881cb2505.png in Resources */,
				7509278921CC332C005028B8 /* user_selection_background@2x.jpg in Resources */,
				750454E121CBDD4800ABD71E /* Main.storyboard in Resources */,
			);
			runOnlyForDeploymentPostprocessing = 0;
		};
		750454EA21CBDD4C00ABD71E /* Resources */ = {
			isa = PBXResourcesBuildPhase;
			buildActionMask = 2147483647;
			files = (
			);
			runOnlyForDeploymentPostprocessing = 0;
		};
		750454F521CBDD4C00ABD71E /* Resources */ = {
			isa = PBXResourcesBuildPhase;
			buildActionMask = 2147483647;
			files = (
			);
			runOnlyForDeploymentPostprocessing = 0;
		};
/* End PBXResourcesBuildPhase section */

/* Begin PBXSourcesBuildPhase section */
		750454D421CBDD4800ABD71E /* Sources */ = {
			isa = PBXSourcesBuildPhase;
			buildActionMask = 2147483647;
			files = (
				7509278B21CD234E005028B8 /* UIViewGradient.swift in Sources */,
				7500E7EB21CD4B6600177251 /* AuthorListVC.swift in Sources */,
				7500E7EF21CD754D00177251 /* AuthorVC.swift in Sources */,
				757FA92121CFEAB6000D17F8 /* CALayerShadowExtension.swift in Sources */,
				750454DE21CBDD4800ABD71E /* ViewController.swift in Sources */,
				7504551021CBFA0D00ABD71E /* MainMenuVC.swift in Sources */,
				7509278F21CD2ABE005028B8 /* ColorExtension.swift in Sources */,
				7504550E21CBEB1A00ABD71E /* RegisterVC.swift in Sources */,
				7500E7F121CE842A00177251 /* BookVC.swift in Sources */,
				7509278D21CD2438005028B8 /* Constants.swift in Sources */,
				7500E7ED21CD735A00177251 /* FirstCustomCell.swift in Sources */,
				750454DC21CBDD4800ABD71E /* AppDelegate.swift in Sources */,
				7504550C21CBEAEF00ABD71E /* LoginVC.swift in Sources */,
			);
			runOnlyForDeploymentPostprocessing = 0;
		};
		750454E821CBDD4C00ABD71E /* Sources */ = {
			isa = PBXSourcesBuildPhase;
			buildActionMask = 2147483647;
			files = (
				750454F121CBDD4C00ABD71E /* ProiectBDTests.swift in Sources */,
			);
			runOnlyForDeploymentPostprocessing = 0;
		};
		750454F321CBDD4C00ABD71E /* Sources */ = {
			isa = PBXSourcesBuildPhase;
			buildActionMask = 2147483647;
			files = (
				750454FC21CBDD4C00ABD71E /* ProiectBDUITests.swift in Sources */,
			);
			runOnlyForDeploymentPostprocessing = 0;
		};
/* End PBXSourcesBuildPhase section */

/* Begin PBXTargetDependency section */
		750454EE21CBDD4C00ABD71E /* PBXTargetDependency */ = {
			isa = PBXTargetDependency;
			target = 750454D721CBDD4800ABD71E /* ProiectBD */;
			targetProxy = 750454ED21CBDD4C00ABD71E /* PBXContainerItemProxy */;
		};
		750454F921CBDD4C00ABD71E /* PBXTargetDependency */ = {
			isa = PBXTargetDependency;
			target = 750454D721CBDD4800ABD71E /* ProiectBD */;
			targetProxy = 750454F821CBDD4C00ABD71E /* PBXContainerItemProxy */;
		};
/* End PBXTargetDependency section */

/* Begin PBXVariantGroup section */
		750454DF21CBDD4800ABD71E /* Main.storyboard */ = {
			isa = PBXVariantGroup;
			children = (
				750454E021CBDD4800ABD71E /* Base */,
			);
			name = Main.storyboard;
			sourceTree = "<group>";
		};
		750454E421CBDD4B00ABD71E /* LaunchScreen.storyboard */ = {
			isa = PBXVariantGroup;
			children = (
				750454E521CBDD4B00ABD71E /* Base */,
			);
			name = LaunchScreen.storyboard;
			sourceTree = "<group>";
		};
/* End PBXVariantGroup section */

/* Begin XCBuildConfiguration section */
		750454FE21CBDD4C00ABD71E /* Debug */ = {
			isa = XCBuildConfiguration;
			buildSettings = {
				ALWAYS_SEARCH_USER_PATHS = NO;
				CLANG_ANALYZER_NONNULL = YES;
				CLANG_ANALYZER_NUMBER_OBJECT_CONVERSION = YES_AGGRESSIVE;
				CLANG_CXX_LANGUAGE_STANDARD = "gnu++14";
				CLANG_CXX_LIBRARY = "libc++";
				CLANG_ENABLE_MODULES = YES;
				CLANG_ENABLE_OBJC_ARC = YES;
				CLANG_ENABLE_OBJC_WEAK = YES;
				CLANG_WARN_BLOCK_CAPTURE_AUTORELEASING = YES;
				CLANG_WARN_BOOL_CONVERSION = YES;
				CLANG_WARN_COMMA = YES;
				CLANG_WARN_CONSTANT_CONVERSION = YES;
				CLANG_WARN_DEPRECATED_OBJC_IMPLEMENTATIONS = YES;
				CLANG_WARN_DIRECT_OBJC_ISA_USAGE = YES_ERROR;
				CLANG_WARN_DOCUMENTATION_COMMENTS = YES;
				CLANG_WARN_EMPTY_BODY = YES;
				CLANG_WARN_ENUM_CONVERSION = YES;
				CLANG_WARN_INFINITE_RECURSION = YES;
				CLANG_WARN_INT_CONVERSION = YES;
				CLANG_WARN_NON_LITERAL_NULL_CONVERSION = YES;
				CLANG_WARN_OBJC_IMPLICIT_RETAIN_SELF = YES;
				CLANG_WARN_OBJC_LITERAL_CONVERSION = YES;
				CLANG_WARN_OBJC_ROOT_CLASS = YES_ERROR;
				CLANG_WARN_RANGE_LOOP_ANALYSIS = YES;
				CLANG_WARN_STRICT_PROTOTYPES = YES;
				CLANG_WARN_SUSPICIOUS_MOVE = YES;
				CLANG_WARN_UNGUARDED_AVAILABILITY = YES_AGGRESSIVE;
				CLANG_WARN_UNREACHABLE_CODE = YES;
				CLANG_WARN__DUPLICATE_METHOD_MATCH = YES;
				CODE_SIGN_IDENTITY = "iPhone Developer";
				COPY_PHASE_STRIP = NO;
				DEBUG_INFORMATION_FORMAT = dwarf;
				ENABLE_STRICT_OBJC_MSGSEND = YES;
				ENABLE_TESTABILITY = YES;
				GCC_C_LANGUAGE_STANDARD = gnu11;
				GCC_DYNAMIC_NO_PIC = NO;
				GCC_NO_COMMON_BLOCKS = YES;
				GCC_OPTIMIZATION_LEVEL = 0;
				GCC_PREPROCESSOR_DEFINITIONS = (
					"DEBUG=1",
					"$(inherited)",
				);
				GCC_WARN_64_TO_32_BIT_CONVERSION = YES;
				GCC_WARN_ABOUT_RETURN_TYPE = YES_ERROR;
				GCC_WARN_UNDECLARED_SELECTOR = YES;
				GCC_WARN_UNINITIALIZED_AUTOS = YES_AGGRESSIVE;
				GCC_WARN_UNUSED_FUNCTION = YES;
				GCC_WARN_UNUSED_VARIABLE = YES;
				IPHONEOS_DEPLOYMENT_TARGET = 12.1;
				MTL_ENABLE_DEBUG_INFO = INCLUDE_SOURCE;
				MTL_FAST_MATH = YES;
				ONLY_ACTIVE_ARCH = YES;
				SDKROOT = iphoneos;
				SWIFT_ACTIVE_COMPILATION_CONDITIONS = DEBUG;
				SWIFT_OPTIMIZATION_LEVEL = "-Onone";
			};
			name = Debug;
		};
		750454FF21CBDD4C00ABD71E /* Release */ = {
			isa = XCBuildConfiguration;
			buildSettings = {
				ALWAYS_SEARCH_USER_PATHS = NO;
				CLANG_ANALYZER_NONNULL = YES;
				CLANG_ANALYZER_NUMBER_OBJECT_CONVERSION = YES_AGGRESSIVE;
				CLANG_CXX_LANGUAGE_STANDARD = "gnu++14";
				CLANG_CXX_LIBRARY = "libc++";
				CLANG_ENABLE_MODULES = YES;
				CLANG_ENABLE_OBJC_ARC = YES;
				CLANG_ENABLE_OBJC_WEAK = YES;
				CLANG_WARN_BLOCK_CAPTURE_AUTORELEASING = YES;
				CLANG_WARN_BOOL_CONVERSION = YES;
				CLANG_WARN_COMMA = YES;
				CLANG_WARN_CONSTANT_CONVERSION = YES;
				CLANG_WARN_DEPRECATED_OBJC_IMPLEMENTATIONS = YES;
				CLANG_WARN_DIRECT_OBJC_ISA_USAGE = YES_ERROR;
				CLANG_WARN_DOCUMENTATION_COMMENTS = YES;
				CLANG_WARN_EMPTY_BODY = YES;
				CLANG_WARN_ENUM_CONVERSION = YES;
				CLANG_WARN_INFINITE_RECURSION = YES;
				CLANG_WARN_INT_CONVERSION = YES;
				CLANG_WARN_NON_LITERAL_NULL_CONVERSION = YES;
				CLANG_WARN_OBJC_IMPLICIT_RETAIN_SELF = YES;
				CLANG_WARN_OBJC_LITERAL_CONVERSION = YES;
				CLANG_WARN_OBJC_ROOT_CLASS = YES_ERROR;
				CLANG_WARN_RANGE_LOOP_ANALYSIS = YES;
				CLANG_WARN_STRICT_PROTOTYPES = YES;
				CLANG_WARN_SUSPICIOUS_MOVE = YES;
				CLANG_WARN_UNGUARDED_AVAILABILITY = YES_AGGRESSIVE;
				CLANG_WARN_UNREACHABLE_CODE = YES;
				CLANG_WARN__DUPLICATE_METHOD_MATCH = YES;
				CODE_SIGN_IDENTITY = "iPhone Developer";
				COPY_PHASE_STRIP = NO;
				DEBUG_INFORMATION_FORMAT = "dwarf-with-dsym";
				ENABLE_NS_ASSERTIONS = NO;
				ENABLE_STRICT_OBJC_MSGSEND = YES;
				GCC_C_LANGUAGE_STANDARD = gnu11;
				GCC_NO_COMMON_BLOCKS = YES;
				GCC_WARN_64_TO_32_BIT_CONVERSION = YES;
				GCC_WARN_ABOUT_RETURN_TYPE = YES_ERROR;
				GCC_WARN_UNDECLARED_SELECTOR = YES;
				GCC_WARN_UNINITIALIZED_AUTOS = YES_AGGRESSIVE;
				GCC_WARN_UNUSED_FUNCTION = YES;
				GCC_WARN_UNUSED_VARIABLE = YES;
				IPHONEOS_DEPLOYMENT_TARGET = 12.1;
				MTL_ENABLE_DEBUG_INFO = NO;
				MTL_FAST_MATH = YES;
				SDKROOT = iphoneos;
				SWIFT_COMPILATION_MODE = wholemodule;
				SWIFT_OPTIMIZATION_LEVEL = "-O";
				VALIDATE_PRODUCT = YES;
			};
			name = Release;
		};
		7504550121CBDD4C00ABD71E /* Debug */ = {
			isa = XCBuildConfiguration;
			buildSettings = {
				ASSETCATALOG_COMPILER_APPICON_NAME = AppIcon;
				CODE_SIGN_STYLE = Automatic;
				DEVELOPMENT_TEAM = DN2JC4LCTK;
				INFOPLIST_FILE = ProiectBD/Info.plist;
				LD_RUNPATH_SEARCH_PATHS = (
					"$(inherited)",
					"@executable_path/Frameworks",
				);
				PRODUCT_BUNDLE_IDENTIFIER = arei2701.Hazelgate.ProiectBD;
				PRODUCT_NAME = "$(TARGET_NAME)";
				SWIFT_VERSION = 4.2;
				TARGETED_DEVICE_FAMILY = "1,2";
			};
			name = Debug;
		};
		7504550221CBDD4C00ABD71E /* Release */ = {
			isa = XCBuildConfiguration;
			buildSettings = {
				ASSETCATALOG_COMPILER_APPICON_NAME = AppIcon;
				CODE_SIGN_STYLE = Automatic;
				DEVELOPMENT_TEAM = DN2JC4LCTK;
				INFOPLIST_FILE = ProiectBD/Info.plist;
				LD_RUNPATH_SEARCH_PATHS = (
					"$(inherited)",
					"@executable_path/Frameworks",
				);
				PRODUCT_BUNDLE_IDENTIFIER = arei2701.Hazelgate.ProiectBD;
				PRODUCT_NAME = "$(TARGET_NAME)";
				SWIFT_VERSION = 4.2;
				TARGETED_DEVICE_FAMILY = "1,2";
			};
			name = Release;
		};
		7504550421CBDD4C00ABD71E /* Debug */ = {
			isa = XCBuildConfiguration;
			buildSettings = {
				ALWAYS_EMBED_SWIFT_STANDARD_LIBRARIES = YES;
				BUNDLE_LOADER = "$(TEST_HOST)";
				CODE_SIGN_STYLE = Automatic;
				INFOPLIST_FILE = ProiectBDTests/Info.plist;
				LD_RUNPATH_SEARCH_PATHS = (
					"$(inherited)",
					"@executable_path/Frameworks",
					"@loader_path/Frameworks",
				);
				PRODUCT_BUNDLE_IDENTIFIER = arei2701.Hazelgate.ProiectBDTests;
				PRODUCT_NAME = "$(TARGET_NAME)";
				SWIFT_VERSION = 4.2;
				TARGETED_DEVICE_FAMILY = "1,2";
				TEST_HOST = "$(BUILT_PRODUCTS_DIR)/ProiectBD.app/ProiectBD";
			};
			name = Debug;
		};
		7504550521CBDD4C00ABD71E /* Release */ = {
			isa = XCBuildConfiguration;
			buildSettings = {
				ALWAYS_EMBED_SWIFT_STANDARD_LIBRARIES = YES;
				BUNDLE_LOADER = "$(TEST_HOST)";
				CODE_SIGN_STYLE = Automatic;
				INFOPLIST_FILE = ProiectBDTests/Info.plist;
				LD_RUNPATH_SEARCH_PATHS = (
					"$(inherited)",
					"@executable_path/Frameworks",
					"@loader_path/Frameworks",
				);
				PRODUCT_BUNDLE_IDENTIFIER = arei2701.Hazelgate.ProiectBDTests;
				PRODUCT_NAME = "$(TARGET_NAME)";
				SWIFT_VERSION = 4.2;
				TARGETED_DEVICE_FAMILY = "1,2";
				TEST_HOST = "$(BUILT_PRODUCTS_DIR)/ProiectBD.app/ProiectBD";
			};
			name = Release;
		};
		7504550721CBDD4C00ABD71E /* Debug */ = {
			isa = XCBuildConfiguration;
			buildSettings = {
				ALWAYS_EMBED_SWIFT_STANDARD_LIBRARIES = YES;
				CODE_SIGN_STYLE = Automatic;
				INFOPLIST_FILE = ProiectBDUITests/Info.plist;
				LD_RUNPATH_SEARCH_PATHS = (
					"$(inherited)",
					"@executable_path/Frameworks",
					"@loader_path/Frameworks",
				);
				PRODUCT_BUNDLE_IDENTIFIER = arei2701.Hazelgate.ProiectBDUITests;
				PRODUCT_NAME = "$(TARGET_NAME)";
				SWIFT_VERSION = 4.2;
				TARGETED_DEVICE_FAMILY = "1,2";
				TEST_TARGET_NAME = ProiectBD;
			};
			name = Debug;
		};
		7504550821CBDD4C00ABD71E /* Release */ = {
			isa = XCBuildConfiguration;
			buildSettings = {
				ALWAYS_EMBED_SWIFT_STANDARD_LIBRARIES = YES;
				CODE_SIGN_STYLE = Automatic;
				INFOPLIST_FILE = ProiectBDUITests/Info.plist;
				LD_RUNPATH_SEARCH_PATHS = (
					"$(inherited)",
					"@executable_path/Frameworks",
					"@loader_path/Frameworks",
				);
				PRODUCT_BUNDLE_IDENTIFIER = arei2701.Hazelgate.ProiectBDUITests;
				PRODUCT_NAME = "$(TARGET_NAME)";
				SWIFT_VERSION = 4.2;
				TARGETED_DEVICE_FAMILY = "1,2";
				TEST_TARGET_NAME = ProiectBD;
			};
			name = Release;
		};
/* End XCBuildConfiguration section */

/* Begin XCConfigurationList section */
		750454D321CBDD4800ABD71E /* Build configuration list for PBXProject "ProiectBD" */ = {
			isa = XCConfigurationList;
			buildConfigurations = (
				750454FE21CBDD4C00ABD71E /* Debug */,
				750454FF21CBDD4C00ABD71E /* Release */,
			);
			defaultConfigurationIsVisible = 0;
			defaultConfigurationName = Release;
		};
		7504550021CBDD4C00ABD71E /* Build configuration list for PBXNativeTarget "ProiectBD" */ = {
			isa = XCConfigurationList;
			buildConfigurations = (
				7504550121CBDD4C00ABD71E /* Debug */,
				7504550221CBDD4C00ABD71E /* Release */,
			);
			defaultConfigurationIsVisible = 0;
			defaultConfigurationName = Release;
		};
		7504550321CBDD4C00ABD71E /* Build configuration list for PBXNativeTarget "ProiectBDTests" */ = {
			isa = XCConfigurationList;
			buildConfigurations = (
				7504550421CBDD4C00ABD71E /* Debug */,
				7504550521CBDD4C00ABD71E /* Release */,
			);
			defaultConfigurationIsVisible = 0;
			defaultConfigurationName = Release;
		};
		7504550621CBDD4C00ABD71E /* Build configuration list for PBXNativeTarget "ProiectBDUITests" */ = {
			isa = XCConfigurationList;
			buildConfigurations = (
				7504550721CBDD4C00ABD71E /* Debug */,
				7504550821CBDD4C00ABD71E /* Release */,
			);
			defaultConfigurationIsVisible = 0;
			defaultConfigurationName = Release;
		};
/* End XCConfigurationList section */
	};
	rootObject = 750454D021CBDD4800ABD71E /* Project object */;
}
